
Microsoft Visual Studio Solution File, Format Version 12.00
# Visual Studio Version 17
VisualStudioVersion = 17.2.32519.379
MinimumVisualStudioVersion = 10.0.40219.1
Project("{FAE04EC0-301F-11D3-BF4B-00C04F79EFBC}") = "3DViewerJPMM", "3DViewerJPMM\3DViewerJPMM.csproj", "{EF63EFF8-CB25-4F10-975E-7F32A0B2472C}"
EndProject
Global
	GlobalSection(SolutionConfigurationPlatforms) = preSolution
		Debug|Any CPU = Debug|Any CPU
		Release|Any CPU = Release|Any CPU
	EndGlobalSection
	GlobalSection(ProjectConfigurationPlatforms) = postSolution
		{EF63EFF8-CB25-4F10-975E-7F32A0B2472C}.Debug|Any CPU.ActiveCfg = Debug|Any CPU
		{EF63EFF8-CB25-4F10-975E-7F32A0B2472C}.Debug|Any CPU.Build.0 = Debug|Any CPU
		{EF63EFF8-CB25-4F10-975E-7F32A0B2472C}.Release|Any CPU.ActiveCfg = Release|Any CPU
		{EF63EFF8-CB25-4F10-975E-7F32A0B2472C}.Release|Any CPU.Build.0 = Release|Any CPU
	EndGlobalSection
	GlobalSection(SolutionProperties) = preSolution
		HideSolutionNode = FALSE
	EndGlobalSection
	GlobalSection(ExtensibilityGlobals) = postSolution
		SolutionGuid = {695214A9-BC33-495B-85F7-424C446A040D}
	EndGlobalSection
EndGlobal
